// !$*UTF8*$!
{
	archiveVersion = 1;
	classes = {
	};
	objectVersion = 56;
	objects = {

/* Begin PBXBuildFile section */
		01135DFB29C42E3B00402AEC /* MainView.swift in Sources */ = {isa = PBXBuildFile; fileRef = 01135DFA29C42E3B00402AEC /* MainView.swift */; };
		012CB92929C250E700399F45 /* LoginView.swift in Sources */ = {isa = PBXBuildFile; fileRef = 012CB92829C250E700399F45 /* LoginView.swift */; };
		0143E0852A0C41600033769C /* SpeechRecognizer.swift in Sources */ = {isa = PBXBuildFile; fileRef = 0143E07D2A0C41600033769C /* SpeechRecognizer.swift */; };
		0143E0862A0C41600033769C /* ErrorWrapper.swift in Sources */ = {isa = PBXBuildFile; fileRef = 0143E07E2A0C41600033769C /* ErrorWrapper.swift */; };
		0143E0872A0C41600033769C /* ScrumStore.swift in Sources */ = {isa = PBXBuildFile; fileRef = 0143E07F2A0C41600033769C /* ScrumStore.swift */; };
		0143E0882A0C41600033769C /* Theme.swift in Sources */ = {isa = PBXBuildFile; fileRef = 0143E0802A0C41600033769C /* Theme.swift */; };
		0143E0892A0C41600033769C /* AVPlayer+Ding.swift in Sources */ = {isa = PBXBuildFile; fileRef = 0143E0812A0C41600033769C /* AVPlayer+Ding.swift */; };
		0143E08A2A0C41600033769C /* History.swift in Sources */ = {isa = PBXBuildFile; fileRef = 0143E0822A0C41600033769C /* History.swift */; };
		0143E08B2A0C41600033769C /* ScrumTimer.swift in Sources */ = {isa = PBXBuildFile; fileRef = 0143E0832A0C41600033769C /* ScrumTimer.swift */; };
		0143E08C2A0C41600033769C /* DailyScrum.swift in Sources */ = {isa = PBXBuildFile; fileRef = 0143E0842A0C41600033769C /* DailyScrum.swift */; };
		0143E09D2A0C418C0033769C /* DetailEditView.swift in Sources */ = {isa = PBXBuildFile; fileRef = 0143E08D2A0C418C0033769C /* DetailEditView.swift */; };
		0143E09E2A0C418C0033769C /* NewScrumSheet.swift in Sources */ = {isa = PBXBuildFile; fileRef = 0143E08E2A0C418C0033769C /* NewScrumSheet.swift */; };
		0143E09F2A0C418C0033769C /* MeetingHeaderView.swift in Sources */ = {isa = PBXBuildFile; fileRef = 0143E08F2A0C418C0033769C /* MeetingHeaderView.swift */; };
		0143E0A02A0C418C0033769C /* ThemePicker.swift in Sources */ = {isa = PBXBuildFile; fileRef = 0143E0902A0C418C0033769C /* ThemePicker.swift */; };
		0143E0A12A0C418C0033769C /* ScrumsView.swift in Sources */ = {isa = PBXBuildFile; fileRef = 0143E0912A0C418C0033769C /* ScrumsView.swift */; };
		0143E0A22A0C418C0033769C /* HistoryView.swift in Sources */ = {isa = PBXBuildFile; fileRef = 0143E0922A0C418C0033769C /* HistoryView.swift */; };
		0143E0A32A0C418C0033769C /* CardView.swift in Sources */ = {isa = PBXBuildFile; fileRef = 0143E0932A0C418C0033769C /* CardView.swift */; };
		0143E0A42A0C418C0033769C /* ThemeView.swift in Sources */ = {isa = PBXBuildFile; fileRef = 0143E0942A0C418C0033769C /* ThemeView.swift */; };
		0143E0A52A0C418C0033769C /* TrailingIconLabelStyle.swift in Sources */ = {isa = PBXBuildFile; fileRef = 0143E0952A0C418C0033769C /* TrailingIconLabelStyle.swift */; };
		0143E0A62A0C418C0033769C /* MeetingTimerView.swift in Sources */ = {isa = PBXBuildFile; fileRef = 0143E0962A0C418C0033769C /* MeetingTimerView.swift */; };
		0143E0A72A0C418C0033769C /* DetailView.swift in Sources */ = {isa = PBXBuildFile; fileRef = 0143E0972A0C418C0033769C /* DetailView.swift */; };
		0143E0A82A0C418C0033769C /* ErrorView.swift in Sources */ = {isa = PBXBuildFile; fileRef = 0143E0982A0C418C0033769C /* ErrorView.swift */; };
		0143E0A92A0C418C0033769C /* MeetingView.swift in Sources */ = {isa = PBXBuildFile; fileRef = 0143E0992A0C418C0033769C /* MeetingView.swift */; };
		0143E0AA2A0C418C0033769C /* MeetingFooterView.swift in Sources */ = {isa = PBXBuildFile; fileRef = 0143E09A2A0C418C0033769C /* MeetingFooterView.swift */; };
		0143E0AB2A0C418C0033769C /* ScrumProgressViewStyle.swift in Sources */ = {isa = PBXBuildFile; fileRef = 0143E09B2A0C418C0033769C /* ScrumProgressViewStyle.swift */; };
		0143E0AC2A0C418C0033769C /* SpeakerArc.swift in Sources */ = {isa = PBXBuildFile; fileRef = 0143E09C2A0C418C0033769C /* SpeakerArc.swift */; };
		01E0935A2A2E8F06008664B1 /* Constants.swift in Sources */ = {isa = PBXBuildFile; fileRef = 01E093592A2E8F06008664B1 /* Constants.swift */; };
		01E0935C2A2E8F3B008664B1 /* NavigationView.swift in Sources */ = {isa = PBXBuildFile; fileRef = 01E0935B2A2E8F3B008664B1 /* NavigationView.swift */; };
		01EAF22829B598BE005EFD88 /* carefirst_triage_iosApp.swift in Sources */ = {isa = PBXBuildFile; fileRef = 01EAF22729B598BE005EFD88 /* carefirst_triage_iosApp.swift */; };
		01EAF22C29B598BE005EFD88 /* Assets.xcassets in Resources */ = {isa = PBXBuildFile; fileRef = 01EAF22B29B598BE005EFD88 /* Assets.xcassets */; };
		01EAF22F29B598BE005EFD88 /* Preview Assets.xcassets in Resources */ = {isa = PBXBuildFile; fileRef = 01EAF22E29B598BE005EFD88 /* Preview Assets.xcassets */; };
		01EAF23129B598BE005EFD88 /* Persistence.swift in Sources */ = {isa = PBXBuildFile; fileRef = 01EAF23029B598BE005EFD88 /* Persistence.swift */; };
		01EAF23429B598BE005EFD88 /* carefirst_triage_ios.xcdatamodeld in Sources */ = {isa = PBXBuildFile; fileRef = 01EAF23229B598BE005EFD88 /* carefirst_triage_ios.xcdatamodeld */; };
/* End PBXBuildFile section */

/* Begin PBXFileReference section */
		01135DFA29C42E3B00402AEC /* MainView.swift */ = {isa = PBXFileReference; lastKnownFileType = sourcecode.swift; path = MainView.swift; sourceTree = "<group>"; };
		012CB92829C250E700399F45 /* LoginView.swift */ = {isa = PBXFileReference; lastKnownFileType = sourcecode.swift; path = LoginView.swift; sourceTree = "<group>"; };
		0143E07D2A0C41600033769C /* SpeechRecognizer.swift */ = {isa = PBXFileReference; fileEncoding = 4; lastKnownFileType = sourcecode.swift; path = SpeechRecognizer.swift; sourceTree = "<group>"; };
		0143E07E2A0C41600033769C /* ErrorWrapper.swift */ = {isa = PBXFileReference; fileEncoding = 4; lastKnownFileType = sourcecode.swift; path = ErrorWrapper.swift; sourceTree = "<group>"; };
		0143E07F2A0C41600033769C /* ScrumStore.swift */ = {isa = PBXFileReference; fileEncoding = 4; lastKnownFileType = sourcecode.swift; path = ScrumStore.swift; sourceTree = "<group>"; };
		0143E0802A0C41600033769C /* Theme.swift */ = {isa = PBXFileReference; fileEncoding = 4; lastKnownFileType = sourcecode.swift; path = Theme.swift; sourceTree = "<group>"; };
		0143E0812A0C41600033769C /* AVPlayer+Ding.swift */ = {isa = PBXFileReference; fileEncoding = 4; lastKnownFileType = sourcecode.swift; path = "AVPlayer+Ding.swift"; sourceTree = "<group>"; };
		0143E0822A0C41600033769C /* History.swift */ = {isa = PBXFileReference; fileEncoding = 4; lastKnownFileType = sourcecode.swift; path = History.swift; sourceTree = "<group>"; };
		0143E0832A0C41600033769C /* ScrumTimer.swift */ = {isa = PBXFileReference; fileEncoding = 4; lastKnownFileType = sourcecode.swift; path = ScrumTimer.swift; sourceTree = "<group>"; };
		0143E0842A0C41600033769C /* DailyScrum.swift */ = {isa = PBXFileReference; fileEncoding = 4; lastKnownFileType = sourcecode.swift; path = DailyScrum.swift; sourceTree = "<group>"; };
		0143E08D2A0C418C0033769C /* DetailEditView.swift */ = {isa = PBXFileReference; fileEncoding = 4; lastKnownFileType = sourcecode.swift; path = DetailEditView.swift; sourceTree = "<group>"; };
		0143E08E2A0C418C0033769C /* NewScrumSheet.swift */ = {isa = PBXFileReference; fileEncoding = 4; lastKnownFileType = sourcecode.swift; path = NewScrumSheet.swift; sourceTree = "<group>"; };
		0143E08F2A0C418C0033769C /* MeetingHeaderView.swift */ = {isa = PBXFileReference; fileEncoding = 4; lastKnownFileType = sourcecode.swift; path = MeetingHeaderView.swift; sourceTree = "<group>"; };
		0143E0902A0C418C0033769C /* ThemePicker.swift */ = {isa = PBXFileReference; fileEncoding = 4; lastKnownFileType = sourcecode.swift; path = ThemePicker.swift; sourceTree = "<group>"; };
		0143E0912A0C418C0033769C /* ScrumsView.swift */ = {isa = PBXFileReference; fileEncoding = 4; lastKnownFileType = sourcecode.swift; path = ScrumsView.swift; sourceTree = "<group>"; };
		0143E0922A0C418C0033769C /* HistoryView.swift */ = {isa = PBXFileReference; fileEncoding = 4; lastKnownFileType = sourcecode.swift; path = HistoryView.swift; sourceTree = "<group>"; };
		0143E0932A0C418C0033769C /* CardView.swift */ = {isa = PBXFileReference; fileEncoding = 4; lastKnownFileType = sourcecode.swift; path = CardView.swift; sourceTree = "<group>"; };
		0143E0942A0C418C0033769C /* ThemeView.swift */ = {isa = PBXFileReference; fileEncoding = 4; lastKnownFileType = sourcecode.swift; path = ThemeView.swift; sourceTree = "<group>"; };
		0143E0952A0C418C0033769C /* TrailingIconLabelStyle.swift */ = {isa = PBXFileReference; fileEncoding = 4; lastKnownFileType = sourcecode.swift; path = TrailingIconLabelStyle.swift; sourceTree = "<group>"; };
		0143E0962A0C418C0033769C /* MeetingTimerView.swift */ = {isa = PBXFileReference; fileEncoding = 4; lastKnownFileType = sourcecode.swift; path = MeetingTimerView.swift; sourceTree = "<group>"; };
		0143E0972A0C418C0033769C /* DetailView.swift */ = {isa = PBXFileReference; fileEncoding = 4; lastKnownFileType = sourcecode.swift; path = DetailView.swift; sourceTree = "<group>"; };
		0143E0982A0C418C0033769C /* ErrorView.swift */ = {isa = PBXFileReference; fileEncoding = 4; lastKnownFileType = sourcecode.swift; path = ErrorView.swift; sourceTree = "<group>"; };
		0143E0992A0C418C0033769C /* MeetingView.swift */ = {isa = PBXFileReference; fileEncoding = 4; lastKnownFileType = sourcecode.swift; path = MeetingView.swift; sourceTree = "<group>"; };
		0143E09A2A0C418C0033769C /* MeetingFooterView.swift */ = {isa = PBXFileReference; fileEncoding = 4; lastKnownFileType = sourcecode.swift; path = MeetingFooterView.swift; sourceTree = "<group>"; };
		0143E09B2A0C418C0033769C /* ScrumProgressViewStyle.swift */ = {isa = PBXFileReference; fileEncoding = 4; lastKnownFileType = sourcecode.swift; path = ScrumProgressViewStyle.swift; sourceTree = "<group>"; };
		0143E09C2A0C418C0033769C /* SpeakerArc.swift */ = {isa = PBXFileReference; fileEncoding = 4; lastKnownFileType = sourcecode.swift; path = SpeakerArc.swift; sourceTree = "<group>"; };
		0182E28929B6E4ED005C99F8 /* Info.plist */ = {isa = PBXFileReference; lastKnownFileType = text.plist; path = Info.plist; sourceTree = "<group>"; };
		01E093592A2E8F06008664B1 /* Constants.swift */ = {isa = PBXFileReference; lastKnownFileType = sourcecode.swift; path = Constants.swift; sourceTree = "<group>"; };
		01E0935B2A2E8F3B008664B1 /* NavigationView.swift */ = {isa = PBXFileReference; lastKnownFileType = sourcecode.swift; path = NavigationView.swift; sourceTree = "<group>"; };
		01EAF22429B598BE005EFD88 /* carefirst-triage-ios.app */ = {isa = PBXFileReference; explicitFileType = wrapper.application; includeInIndex = 0; path = "carefirst-triage-ios.app"; sourceTree = BUILT_PRODUCTS_DIR; };
		01EAF22729B598BE005EFD88 /* carefirst_triage_iosApp.swift */ = {isa = PBXFileReference; lastKnownFileType = sourcecode.swift; path = carefirst_triage_iosApp.swift; sourceTree = "<group>"; };
		01EAF22B29B598BE005EFD88 /* Assets.xcassets */ = {isa = PBXFileReference; lastKnownFileType = folder.assetcatalog; path = Assets.xcassets; sourceTree = "<group>"; };
		01EAF22E29B598BE005EFD88 /* Preview Assets.xcassets */ = {isa = PBXFileReference; lastKnownFileType = folder.assetcatalog; path = "Preview Assets.xcassets"; sourceTree = "<group>"; };
		01EAF23029B598BE005EFD88 /* Persistence.swift */ = {isa = PBXFileReference; lastKnownFileType = sourcecode.swift; path = Persistence.swift; sourceTree = "<group>"; };
		01EAF23329B598BE005EFD88 /* carefirst_triage_ios.xcdatamodel */ = {isa = PBXFileReference; lastKnownFileType = wrapper.xcdatamodel; path = carefirst_triage_ios.xcdatamodel; sourceTree = "<group>"; };
/* End PBXFileReference section */

/* Begin PBXFrameworksBuildPhase section */
		01EAF22129B598BE005EFD88 /* Frameworks */ = {
			isa = PBXFrameworksBuildPhase;
			buildActionMask = 2147483647;
			files = (
			);
			runOnlyForDeploymentPostprocessing = 0;
		};
/* End PBXFrameworksBuildPhase section */

/* Begin PBXGroup section */
		0143E07A2A0C3FDA0033769C /* Views */ = {
			isa = PBXGroup;
			children = (
				0143E0932A0C418C0033769C /* CardView.swift */,
				0143E08D2A0C418C0033769C /* DetailEditView.swift */,
				0143E0972A0C418C0033769C /* DetailView.swift */,
				0143E0982A0C418C0033769C /* ErrorView.swift */,
				0143E0922A0C418C0033769C /* HistoryView.swift */,
				0143E09A2A0C418C0033769C /* MeetingFooterView.swift */,
				0143E08F2A0C418C0033769C /* MeetingHeaderView.swift */,
				0143E0962A0C418C0033769C /* MeetingTimerView.swift */,
				0143E0992A0C418C0033769C /* MeetingView.swift */,
				0143E08E2A0C418C0033769C /* NewScrumSheet.swift */,
				0143E09B2A0C418C0033769C /* ScrumProgressViewStyle.swift */,
				0143E0912A0C418C0033769C /* ScrumsView.swift */,
				0143E09C2A0C418C0033769C /* SpeakerArc.swift */,
				0143E0902A0C418C0033769C /* ThemePicker.swift */,
				0143E0942A0C418C0033769C /* ThemeView.swift */,
				0143E0952A0C418C0033769C /* TrailingIconLabelStyle.swift */,
			);
			path = Views;
			sourceTree = "<group>";
		};
		0143E07C2A0C40020033769C /* Models */ = {
			isa = PBXGroup;
			children = (
				0143E0812A0C41600033769C /* AVPlayer+Ding.swift */,
				0143E0842A0C41600033769C /* DailyScrum.swift */,
				0143E07E2A0C41600033769C /* ErrorWrapper.swift */,
				0143E0822A0C41600033769C /* History.swift */,
				0143E07F2A0C41600033769C /* ScrumStore.swift */,
				0143E0832A0C41600033769C /* ScrumTimer.swift */,
				0143E07D2A0C41600033769C /* SpeechRecognizer.swift */,
				0143E0802A0C41600033769C /* Theme.swift */,
			);
			path = Models;
			sourceTree = "<group>";
		};
		01EAF21B29B598BE005EFD88 = {
			isa = PBXGroup;
			children = (
				01E0935B2A2E8F3B008664B1 /* NavigationView.swift */,
				01EAF22629B598BE005EFD88 /* carefirst-triage-ios */,
				01EAF22529B598BE005EFD88 /* Products */,
			);
			sourceTree = "<group>";
		};
		01EAF22529B598BE005EFD88 /* Products */ = {
			isa = PBXGroup;
			children = (
				01EAF22429B598BE005EFD88 /* carefirst-triage-ios.app */,
			);
			name = Products;
			sourceTree = "<group>";
		};
		01EAF22629B598BE005EFD88 /* carefirst-triage-ios */ = {
			isa = PBXGroup;
			children = (
				0143E07C2A0C40020033769C /* Models */,
				0143E07A2A0C3FDA0033769C /* Views */,
				0182E28929B6E4ED005C99F8 /* Info.plist */,
				01EAF22729B598BE005EFD88 /* carefirst_triage_iosApp.swift */,
				01EAF22B29B598BE005EFD88 /* Assets.xcassets */,
				01EAF23029B598BE005EFD88 /* Persistence.swift */,
				01EAF23229B598BE005EFD88 /* carefirst_triage_ios.xcdatamodeld */,
				01EAF22D29B598BE005EFD88 /* Preview Content */,
				012CB92829C250E700399F45 /* LoginView.swift */,
				01135DFA29C42E3B00402AEC /* MainView.swift */,
				01E093592A2E8F06008664B1 /* Constants.swift */,
			);
			path = "carefirst-triage-ios";
			sourceTree = "<group>";
		};
		01EAF22D29B598BE005EFD88 /* Preview Content */ = {
			isa = PBXGroup;
			children = (
				01EAF22E29B598BE005EFD88 /* Preview Assets.xcassets */,
			);
			path = "Preview Content";
			sourceTree = "<group>";
		};
/* End PBXGroup section */

/* Begin PBXNativeTarget section */
		01EAF22329B598BE005EFD88 /* carefirst-triage-ios */ = {
			isa = PBXNativeTarget;
			buildConfigurationList = 01EAF23729B598BE005EFD88 /* Build configuration list for PBXNativeTarget "carefirst-triage-ios" */;
			buildPhases = (
				01EAF22029B598BE005EFD88 /* Sources */,
				01EAF22129B598BE005EFD88 /* Frameworks */,
				01EAF22229B598BE005EFD88 /* Resources */,
			);
			buildRules = (
			);
			dependencies = (
			);
			name = "carefirst-triage-ios";
			productName = "carefirst-triage-ios";
			productReference = 01EAF22429B598BE005EFD88 /* carefirst-triage-ios.app */;
			productType = "com.apple.product-type.application";
		};
/* End PBXNativeTarget section */

/* Begin PBXProject section */
		01EAF21C29B598BE005EFD88 /* Project object */ = {
			isa = PBXProject;
			attributes = {
				BuildIndependentTargetsInParallel = 1;
				LastSwiftUpdateCheck = 1420;
				LastUpgradeCheck = 1420;
				TargetAttributes = {
					01EAF22329B598BE005EFD88 = {
						CreatedOnToolsVersion = 14.2;
					};
				};
			};
			buildConfigurationList = 01EAF21F29B598BE005EFD88 /* Build configuration list for PBXProject "carefirst-triage-ios" */;
			compatibilityVersion = "Xcode 14.0";
			developmentRegion = en;
			hasScannedForEncodings = 0;
			knownRegions = (
				en,
				Base,
			);
			mainGroup = 01EAF21B29B598BE005EFD88;
			productRefGroup = 01EAF22529B598BE005EFD88 /* Products */;
			projectDirPath = "";
			projectRoot = "";
			targets = (
				01EAF22329B598BE005EFD88 /* carefirst-triage-ios */,
			);
		};
/* End PBXProject section */

/* Begin PBXResourcesBuildPhase section */
		01EAF22229B598BE005EFD88 /* Resources */ = {
			isa = PBXResourcesBuildPhase;
			buildActionMask = 2147483647;
			files = (
				01EAF22F29B598BE005EFD88 /* Preview Assets.xcassets in Resources */,
				01EAF22C29B598BE005EFD88 /* Assets.xcassets in Resources */,
			);
			runOnlyForDeploymentPostprocessing = 0;
		};
/* End PBXResourcesBuildPhase section */

/* Begin PBXSourcesBuildPhase section */
		01EAF22029B598BE005EFD88 /* Sources */ = {
			isa = PBXSourcesBuildPhase;
			buildActionMask = 2147483647;
			files = (
				0143E0A82A0C418C0033769C /* ErrorView.swift in Sources */,
				0143E0882A0C41600033769C /* Theme.swift in Sources */,
				0143E0AB2A0C418C0033769C /* ScrumProgressViewStyle.swift in Sources */,
				0143E0AC2A0C418C0033769C /* SpeakerArc.swift in Sources */,
				0143E0A72A0C418C0033769C /* DetailView.swift in Sources */,
				01E0935A2A2E8F06008664B1 /* Constants.swift in Sources */,
				0143E0A42A0C418C0033769C /* ThemeView.swift in Sources */,
				0143E0A12A0C418C0033769C /* ScrumsView.swift in Sources */,
				01EAF23129B598BE005EFD88 /* Persistence.swift in Sources */,
				0143E0862A0C41600033769C /* ErrorWrapper.swift in Sources */,
				0143E08A2A0C41600033769C /* History.swift in Sources */,
				0143E08C2A0C41600033769C /* DailyScrum.swift in Sources */,
				0143E0872A0C41600033769C /* ScrumStore.swift in Sources */,
				01EAF22829B598BE005EFD88 /* carefirst_triage_iosApp.swift in Sources */,
				0143E0AA2A0C418C0033769C /* MeetingFooterView.swift in Sources */,
				0143E09E2A0C418C0033769C /* NewScrumSheet.swift in Sources */,
				0143E0A92A0C418C0033769C /* MeetingView.swift in Sources */,
				0143E08B2A0C41600033769C /* ScrumTimer.swift in Sources */,
				01E0935C2A2E8F3B008664B1 /* NavigationView.swift in Sources */,
				012CB92929C250E700399F45 /* LoginView.swift in Sources */,
				0143E09D2A0C418C0033769C /* DetailEditView.swift in Sources */,
				0143E0A22A0C418C0033769C /* HistoryView.swift in Sources */,
				0143E0A62A0C418C0033769C /* MeetingTimerView.swift in Sources */,
				01135DFB29C42E3B00402AEC /* MainView.swift in Sources */,
				0143E0A32A0C418C0033769C /* CardView.swift in Sources */,
				01EAF23429B598BE005EFD88 /* carefirst_triage_ios.xcdatamodeld in Sources */,
				0143E0852A0C41600033769C /* SpeechRecognizer.swift in Sources */,
				0143E0892A0C41600033769C /* AVPlayer+Ding.swift in Sources */,
				0143E0A02A0C418C0033769C /* ThemePicker.swift in Sources */,
				0143E09F2A0C418C0033769C /* MeetingHeaderView.swift in Sources */,
				0143E0A52A0C418C0033769C /* TrailingIconLabelStyle.swift in Sources */,
			);
			runOnlyForDeploymentPostprocessing = 0;
		};
/* End PBXSourcesBuildPhase section */

/* Begin XCBuildConfiguration section */
		01EAF23529B598BE005EFD88 /* Debug */ = {
			isa = XCBuildConfiguration;
			buildSettings = {
				ALWAYS_SEARCH_USER_PATHS = NO;
				CLANG_ANALYZER_NONNULL = YES;
				CLANG_ANALYZER_NUMBER_OBJECT_CONVERSION = YES_AGGRESSIVE;
				CLANG_CXX_LANGUAGE_STANDARD = "gnu++20";
				CLANG_ENABLE_MODULES = YES;
				CLANG_ENABLE_OBJC_ARC = YES;
				CLANG_ENABLE_OBJC_WEAK = YES;
				CLANG_WARN_BLOCK_CAPTURE_AUTORELEASING = YES;
				CLANG_WARN_BOOL_CONVERSION = YES;
				CLANG_WARN_COMMA = YES;
				CLANG_WARN_CONSTANT_CONVERSION = YES;
				CLANG_WARN_DEPRECATED_OBJC_IMPLEMENTATIONS = YES;
				CLANG_WARN_DIRECT_OBJC_ISA_USAGE = YES_ERROR;
				CLANG_WARN_DOCUMENTATION_COMMENTS = YES;
				CLANG_WARN_EMPTY_BODY = YES;
				CLANG_WARN_ENUM_CONVERSION = YES;
				CLANG_WARN_INFINITE_RECURSION = YES;
				CLANG_WARN_INT_CONVERSION = YES;
				CLANG_WARN_NON_LITERAL_NULL_CONVERSION = YES;
				CLANG_WARN_OBJC_IMPLICIT_RETAIN_SELF = YES;
				CLANG_WARN_OBJC_LITERAL_CONVERSION = YES;
				CLANG_WARN_OBJC_ROOT_CLASS = YES_ERROR;
				CLANG_WARN_QUOTED_INCLUDE_IN_FRAMEWORK_HEADER = YES;
				CLANG_WARN_RANGE_LOOP_ANALYSIS = YES;
				CLANG_WARN_STRICT_PROTOTYPES = YES;
				CLANG_WARN_SUSPICIOUS_MOVE = YES;
				CLANG_WARN_UNGUARDED_AVAILABILITY = YES_AGGRESSIVE;
				CLANG_WARN_UNREACHABLE_CODE = YES;
				CLANG_WARN__DUPLICATE_METHOD_MATCH = YES;
				COPY_PHASE_STRIP = NO;
				DEBUG_INFORMATION_FORMAT = dwarf;
				ENABLE_STRICT_OBJC_MSGSEND = YES;
				ENABLE_TESTABILITY = YES;
				GCC_C_LANGUAGE_STANDARD = gnu11;
				GCC_DYNAMIC_NO_PIC = NO;
				GCC_NO_COMMON_BLOCKS = YES;
				GCC_OPTIMIZATION_LEVEL = 0;
				GCC_PREPROCESSOR_DEFINITIONS = (
					"DEBUG=1",
					"$(inherited)",
				);
				GCC_WARN_64_TO_32_BIT_CONVERSION = YES;
				GCC_WARN_ABOUT_RETURN_TYPE = YES_ERROR;
				GCC_WARN_UNDECLARED_SELECTOR = YES;
				GCC_WARN_UNINITIALIZED_AUTOS = YES_AGGRESSIVE;
				GCC_WARN_UNUSED_FUNCTION = YES;
				GCC_WARN_UNUSED_VARIABLE = YES;
				IPHONEOS_DEPLOYMENT_TARGET = 16.2;
				MTL_ENABLE_DEBUG_INFO = INCLUDE_SOURCE;
				MTL_FAST_MATH = YES;
				ONLY_ACTIVE_ARCH = YES;
				SDKROOT = iphoneos;
				SWIFT_ACTIVE_COMPILATION_CONDITIONS = DEBUG;
				SWIFT_OPTIMIZATION_LEVEL = "-Onone";
			};
			name = Debug;
		};
		01EAF23629B598BE005EFD88 /* Release */ = {
			isa = XCBuildConfiguration;
			buildSettings = {
				ALWAYS_SEARCH_USER_PATHS = NO;
				CLANG_ANALYZER_NONNULL = YES;
				CLANG_ANALYZER_NUMBER_OBJECT_CONVERSION = YES_AGGRESSIVE;
				CLANG_CXX_LANGUAGE_STANDARD = "gnu++20";
				CLANG_ENABLE_MODULES = YES;
				CLANG_ENABLE_OBJC_ARC = YES;
				CLANG_ENABLE_OBJC_WEAK = YES;
				CLANG_WARN_BLOCK_CAPTURE_AUTORELEASING = YES;
				CLANG_WARN_BOOL_CONVERSION = YES;
				CLANG_WARN_COMMA = YES;
				CLANG_WARN_CONSTANT_CONVERSION = YES;
				CLANG_WARN_DEPRECATED_OBJC_IMPLEMENTATIONS = YES;
				CLANG_WARN_DIRECT_OBJC_ISA_USAGE = YES_ERROR;
				CLANG_WARN_DOCUMENTATION_COMMENTS = YES;
				CLANG_WARN_EMPTY_BODY = YES;
				CLANG_WARN_ENUM_CONVERSION = YES;
				CLANG_WARN_INFINITE_RECURSION = YES;
				CLANG_WARN_INT_CONVERSION = YES;
				CLANG_WARN_NON_LITERAL_NULL_CONVERSION = YES;
				CLANG_WARN_OBJC_IMPLICIT_RETAIN_SELF = YES;
				CLANG_WARN_OBJC_LITERAL_CONVERSION = YES;
				CLANG_WARN_OBJC_ROOT_CLASS = YES_ERROR;
				CLANG_WARN_QUOTED_INCLUDE_IN_FRAMEWORK_HEADER = YES;
				CLANG_WARN_RANGE_LOOP_ANALYSIS = YES;
				CLANG_WARN_STRICT_PROTOTYPES = YES;
				CLANG_WARN_SUSPICIOUS_MOVE = YES;
				CLANG_WARN_UNGUARDED_AVAILABILITY = YES_AGGRESSIVE;
				CLANG_WARN_UNREACHABLE_CODE = YES;
				CLANG_WARN__DUPLICATE_METHOD_MATCH = YES;
				COPY_PHASE_STRIP = NO;
				DEBUG_INFORMATION_FORMAT = "dwarf-with-dsym";
				ENABLE_NS_ASSERTIONS = NO;
				ENABLE_STRICT_OBJC_MSGSEND = YES;
				GCC_C_LANGUAGE_STANDARD = gnu11;
				GCC_NO_COMMON_BLOCKS = YES;
				GCC_WARN_64_TO_32_BIT_CONVERSION = YES;
				GCC_WARN_ABOUT_RETURN_TYPE = YES_ERROR;
				GCC_WARN_UNDECLARED_SELECTOR = YES;
				GCC_WARN_UNINITIALIZED_AUTOS = YES_AGGRESSIVE;
				GCC_WARN_UNUSED_FUNCTION = YES;
				GCC_WARN_UNUSED_VARIABLE = YES;
				IPHONEOS_DEPLOYMENT_TARGET = 16.2;
				MTL_ENABLE_DEBUG_INFO = NO;
				MTL_FAST_MATH = YES;
				SDKROOT = iphoneos;
				SWIFT_COMPILATION_MODE = wholemodule;
				SWIFT_OPTIMIZATION_LEVEL = "-O";
				VALIDATE_PRODUCT = YES;
			};
			name = Release;
		};
		01EAF23829B598BE005EFD88 /* Debug */ = {
			isa = XCBuildConfiguration;
			buildSettings = {
				ASSETCATALOG_COMPILER_APPICON_NAME = AppIcon;
				ASSETCATALOG_COMPILER_GLOBAL_ACCENT_COLOR_NAME = AccentColor;
				ASSETCATALOG_COMPILER_INCLUDE_ALL_APPICON_ASSETS = YES;
				CODE_SIGN_STYLE = Automatic;
				CURRENT_PROJECT_VERSION = 1;
				DEVELOPMENT_ASSET_PATHS = "\"carefirst-triage-ios/Preview Content\"";
				DEVELOPMENT_TEAM = PB42RM7M6K;
				ENABLE_PREVIEWS = YES;
				GENERATE_INFOPLIST_FILE = YES;
				INFOPLIST_FILE = "carefirst-triage-ios/Info.plist";
				INFOPLIST_KEY_CFBundleDisplayName = "CareFirst Triage";
				INFOPLIST_KEY_NSMicrophoneUsageDescription = "Audio is recorded to transcribe the meeting. Audio recordings are discarded after transcription.";
				INFOPLIST_KEY_NSSpeechRecognitionUsageDescription = "You can view a text transcription of your meeting in the app.";
				INFOPLIST_KEY_UIApplicationSceneManifest_Generation = YES;
				INFOPLIST_KEY_UIApplicationSupportsIndirectInputEvents = YES;
				INFOPLIST_KEY_UISupportedInterfaceOrientations_iPad = "UIInterfaceOrientationPortrait UIInterfaceOrientationPortraitUpsideDown UIInterfaceOrientationLandscapeLeft UIInterfaceOrientationLandscapeRight";
				INFOPLIST_KEY_UISupportedInterfaceOrientations_iPhone = "UIInterfaceOrientationPortrait UIInterfaceOrientationLandscapeLeft UIInterfaceOrientationLandscapeRight";
				LD_RUNPATH_SEARCH_PATHS = (
					"$(inherited)",
					"@executable_path/Frameworks",
				);
				MARKETING_VERSION = 1.0;
				PRODUCT_BUNDLE_IDENTIFIER = "com.carefirstpraxis.carefirst-triage-ios";
				PRODUCT_NAME = "$(TARGET_NAME)";
				SWIFT_EMIT_LOC_STRINGS = YES;
				SWIFT_VERSION = 5.0;
				TARGETED_DEVICE_FAMILY = "1,2";
			};
			name = Debug;
		};
		01EAF23929B598BE005EFD88 /* Release */ = {
			isa = XCBuildConfiguration;
			buildSettings = {
				ASSETCATALOG_COMPILER_APPICON_NAME = AppIcon;
				ASSETCATALOG_COMPILER_GLOBAL_ACCENT_COLOR_NAME = AccentColor;
				ASSETCATALOG_COMPILER_INCLUDE_ALL_APPICON_ASSETS = YES;
				CODE_SIGN_STYLE = Automatic;
				CURRENT_PROJECT_VERSION = 1;
				DEVELOPMENT_ASSET_PATHS = "\"carefirst-triage-ios/Preview Content\"";
				DEVELOPMENT_TEAM = PB42RM7M6K;
				ENABLE_PREVIEWS = YES;
				GENERATE_INFOPLIST_FILE = YES;
				INFOPLIST_FILE = "carefirst-triage-ios/Info.plist";
				INFOPLIST_KEY_CFBundleDisplayName = "CareFirst Triage";
				INFOPLIST_KEY_NSMicrophoneUsageDescription = "Audio is recorded to transcribe the meeting. Audio recordings are discarded after transcription.";
				INFOPLIST_KEY_NSSpeechRecognitionUsageDescription = "You can view a text transcription of your meeting in the app.";
				INFOPLIST_KEY_UIApplicationSceneManifest_Generation = YES;
				INFOPLIST_KEY_UIApplicationSupportsIndirectInputEvents = YES;
				INFOPLIST_KEY_UISupportedInterfaceOrientations_iPad = "UIInterfaceOrientationPortrait UIInterfaceOrientationPortraitUpsideDown UIInterfaceOrientationLandscapeLeft UIInterfaceOrientationLandscapeRight";
				INFOPLIST_KEY_UISupportedInterfaceOrientations_iPhone = "UIInterfaceOrientationPortrait UIInterfaceOrientationLandscapeLeft UIInterfaceOrientationLandscapeRight";
				LD_RUNPATH_SEARCH_PATHS = (
					"$(inherited)",
					"@executable_path/Frameworks",
				);
				MARKETING_VERSION = 1.0;
				PRODUCT_BUNDLE_IDENTIFIER = "com.carefirstpraxis.carefirst-triage-ios";
				PRODUCT_NAME = "$(TARGET_NAME)";
				SWIFT_EMIT_LOC_STRINGS = YES;
				SWIFT_VERSION = 5.0;
				TARGETED_DEVICE_FAMILY = "1,2";
			};
			name = Release;
		};
/* End XCBuildConfiguration section */

/* Begin XCConfigurationList section */
		01EAF21F29B598BE005EFD88 /* Build configuration list for PBXProject "carefirst-triage-ios" */ = {
			isa = XCConfigurationList;
			buildConfigurations = (
				01EAF23529B598BE005EFD88 /* Debug */,
				01EAF23629B598BE005EFD88 /* Release */,
			);
			defaultConfigurationIsVisible = 0;
			defaultConfigurationName = Release;
		};
		01EAF23729B598BE005EFD88 /* Build configuration list for PBXNativeTarget "carefirst-triage-ios" */ = {
			isa = XCConfigurationList;
			buildConfigurations = (
				01EAF23829B598BE005EFD88 /* Debug */,
				01EAF23929B598BE005EFD88 /* Release */,
			);
			defaultConfigurationIsVisible = 0;
			defaultConfigurationName = Release;
		};
/* End XCConfigurationList section */

/* Begin XCVersionGroup section */
		01EAF23229B598BE005EFD88 /* carefirst_triage_ios.xcdatamodeld */ = {
			isa = XCVersionGroup;
			children = (
				01EAF23329B598BE005EFD88 /* carefirst_triage_ios.xcdatamodel */,
			);
			currentVersion = 01EAF23329B598BE005EFD88 /* carefirst_triage_ios.xcdatamodel */;
			path = carefirst_triage_ios.xcdatamodeld;
			sourceTree = "<group>";
			versionGroupType = wrapper.xcdatamodel;
		};
/* End XCVersionGroup section */
	};
	rootObject = 01EAF21C29B598BE005EFD88 /* Project object */;
}
